
Microsoft Visual Studio Solution File, Format Version 12.00
# Visual Studio Version 17
VisualStudioVersion = 17.0.31903.59
MinimumVisualStudioVersion = 10.0.40219.1
Project("{FAE04EC0-301F-11D3-BF4B-00C04F79EFBC}") = "Adventure.v0", "Adventure.v0\Adventure.v0.csproj", "{9AEC4DA5-C82C-4B43-A995-C119DC038BB1}"
EndProject
Project("{FAE04EC0-301F-11D3-BF4B-00C04F79EFBC}") = "Adventure.NLP", "Adventure.NLP\Adventure.NLP.csproj", "{BEEE475A-8BCC-442B-BA6A-3647DC49E172}"
EndProject
Project("{FAE04EC0-301F-11D3-BF4B-00C04F79EFBC}") = "Adventure.NLP.Test", "Adventure.NLP.Test\Adventure.NLP.Test.csproj", "{F9ED7167-3BB7-44BD-A5C7-FC8A1D44075C}"
EndProject
Project("{FAE04EC0-301F-11D3-BF4B-00C04F79EFBC}") = "Adventure.NLP.REPL", "Adventure.NLP.REPL\Adventure.NLP.REPL.csproj", "{0D4B3A76-1F12-481C-A24D-96745CC673E4}"
EndProject
Project("{FAE04EC0-301F-11D3-BF4B-00C04F79EFBC}") = "Adventure.Common", "Adventure.Common\Adventure.Common.csproj", "{09D9E25A-AA6B-4B33-A647-6F7FC1493545}"
EndProject
Project("{FAE04EC0-301F-11D3-BF4B-00C04F79EFBC}") = "Adventure.LLM", "Adventure.LLM\Adventure.LLM.csproj", "{979A8C70-D17E-43E0-B239-98C1E47B01EA}"
EndProject
Project("{FAE04EC0-301F-11D3-BF4B-00C04F79EFBC}") = "Adventure.LLM.REPL", "Adventure.LLM.REPL\Adventure.LLM.REPL.csproj", "{89596A98-4700-43FB-97C5-D494E81EB38F}"
EndProject
Global
	GlobalSection(SolutionConfigurationPlatforms) = preSolution
		Debug|Any CPU = Debug|Any CPU
		Debug|x64 = Debug|x64
		Debug|x86 = Debug|x86
		Release|Any CPU = Release|Any CPU
		Release|x64 = Release|x64
		Release|x86 = Release|x86
	EndGlobalSection
	GlobalSection(ProjectConfigurationPlatforms) = postSolution
		{9AEC4DA5-C82C-4B43-A995-C119DC038BB1}.Debug|Any CPU.ActiveCfg = Debug|Any CPU
		{9AEC4DA5-C82C-4B43-A995-C119DC038BB1}.Debug|Any CPU.Build.0 = Debug|Any CPU
		{9AEC4DA5-C82C-4B43-A995-C119DC038BB1}.Debug|x64.ActiveCfg = Debug|Any CPU
		{9AEC4DA5-C82C-4B43-A995-C119DC038BB1}.Debug|x64.Build.0 = Debug|Any CPU
		{9AEC4DA5-C82C-4B43-A995-C119DC038BB1}.Debug|x86.ActiveCfg = Debug|Any CPU
		{9AEC4DA5-C82C-4B43-A995-C119DC038BB1}.Debug|x86.Build.0 = Debug|Any CPU
		{9AEC4DA5-C82C-4B43-A995-C119DC038BB1}.Release|Any CPU.ActiveCfg = Release|Any CPU
		{9AEC4DA5-C82C-4B43-A995-C119DC038BB1}.Release|Any CPU.Build.0 = Release|Any CPU
		{9AEC4DA5-C82C-4B43-A995-C119DC038BB1}.Release|x64.ActiveCfg = Release|Any CPU
		{9AEC4DA5-C82C-4B43-A995-C119DC038BB1}.Release|x64.Build.0 = Release|Any CPU
		{9AEC4DA5-C82C-4B43-A995-C119DC038BB1}.Release|x86.ActiveCfg = Release|Any CPU
		{9AEC4DA5-C82C-4B43-A995-C119DC038BB1}.Release|x86.Build.0 = Release|Any CPU
		{BEEE475A-8BCC-442B-BA6A-3647DC49E172}.Debug|Any CPU.ActiveCfg = Debug|Any CPU
		{BEEE475A-8BCC-442B-BA6A-3647DC49E172}.Debug|Any CPU.Build.0 = Debug|Any CPU
		{BEEE475A-8BCC-442B-BA6A-3647DC49E172}.Debug|x64.ActiveCfg = Debug|Any CPU
		{BEEE475A-8BCC-442B-BA6A-3647DC49E172}.Debug|x64.Build.0 = Debug|Any CPU
		{BEEE475A-8BCC-442B-BA6A-3647DC49E172}.Debug|x86.ActiveCfg = Debug|Any CPU
		{BEEE475A-8BCC-442B-BA6A-3647DC49E172}.Debug|x86.Build.0 = Debug|Any CPU
		{BEEE475A-8BCC-442B-BA6A-3647DC49E172}.Release|Any CPU.ActiveCfg = Release|Any CPU
		{BEEE475A-8BCC-442B-BA6A-3647DC49E172}.Release|Any CPU.Build.0 = Release|Any CPU
		{BEEE475A-8BCC-442B-BA6A-3647DC49E172}.Release|x64.ActiveCfg = Release|Any CPU
		{BEEE475A-8BCC-442B-BA6A-3647DC49E172}.Release|x64.Build.0 = Release|Any CPU
		{BEEE475A-8BCC-442B-BA6A-3647DC49E172}.Release|x86.ActiveCfg = Release|Any CPU
		{BEEE475A-8BCC-442B-BA6A-3647DC49E172}.Release|x86.Build.0 = Release|Any CPU
		{F9ED7167-3BB7-44BD-A5C7-FC8A1D44075C}.Debug|Any CPU.ActiveCfg = Debug|Any CPU
		{F9ED7167-3BB7-44BD-A5C7-FC8A1D44075C}.Debug|Any CPU.Build.0 = Debug|Any CPU
		{F9ED7167-3BB7-44BD-A5C7-FC8A1D44075C}.Debug|x64.ActiveCfg = Debug|Any CPU
		{F9ED7167-3BB7-44BD-A5C7-FC8A1D44075C}.Debug|x64.Build.0 = Debug|Any CPU
		{F9ED7167-3BB7-44BD-A5C7-FC8A1D44075C}.Debug|x86.ActiveCfg = Debug|Any CPU
		{F9ED7167-3BB7-44BD-A5C7-FC8A1D44075C}.Debug|x86.Build.0 = Debug|Any CPU
		{F9ED7167-3BB7-44BD-A5C7-FC8A1D44075C}.Release|Any CPU.ActiveCfg = Release|Any CPU
		{F9ED7167-3BB7-44BD-A5C7-FC8A1D44075C}.Release|Any CPU.Build.0 = Release|Any CPU
		{F9ED7167-3BB7-44BD-A5C7-FC8A1D44075C}.Release|x64.ActiveCfg = Release|Any CPU
		{F9ED7167-3BB7-44BD-A5C7-FC8A1D44075C}.Release|x64.Build.0 = Release|Any CPU
		{F9ED7167-3BB7-44BD-A5C7-FC8A1D44075C}.Release|x86.ActiveCfg = Release|Any CPU
		{F9ED7167-3BB7-44BD-A5C7-FC8A1D44075C}.Release|x86.Build.0 = Release|Any CPU
		{0D4B3A76-1F12-481C-A24D-96745CC673E4}.Debug|Any CPU.ActiveCfg = Debug|Any CPU
		{0D4B3A76-1F12-481C-A24D-96745CC673E4}.Debug|Any CPU.Build.0 = Debug|Any CPU
		{0D4B3A76-1F12-481C-A24D-96745CC673E4}.Debug|x64.ActiveCfg = Debug|Any CPU
		{0D4B3A76-1F12-481C-A24D-96745CC673E4}.Debug|x64.Build.0 = Debug|Any CPU
		{0D4B3A76-1F12-481C-A24D-96745CC673E4}.Debug|x86.ActiveCfg = Debug|Any CPU
		{0D4B3A76-1F12-481C-A24D-96745CC673E4}.Debug|x86.Build.0 = Debug|Any CPU
		{0D4B3A76-1F12-481C-A24D-96745CC673E4}.Release|Any CPU.ActiveCfg = Release|Any CPU
		{0D4B3A76-1F12-481C-A24D-96745CC673E4}.Release|Any CPU.Build.0 = Release|Any CPU
		{0D4B3A76-1F12-481C-A24D-96745CC673E4}.Release|x64.ActiveCfg = Release|Any CPU
		{0D4B3A76-1F12-481C-A24D-96745CC673E4}.Release|x64.Build.0 = Release|Any CPU
		{0D4B3A76-1F12-481C-A24D-96745CC673E4}.Release|x86.ActiveCfg = Release|Any CPU
		{0D4B3A76-1F12-481C-A24D-96745CC673E4}.Release|x86.Build.0 = Release|Any CPU
		{09D9E25A-AA6B-4B33-A647-6F7FC1493545}.Debug|Any CPU.ActiveCfg = Debug|Any CPU
		{09D9E25A-AA6B-4B33-A647-6F7FC1493545}.Debug|Any CPU.Build.0 = Debug|Any CPU
		{09D9E25A-AA6B-4B33-A647-6F7FC1493545}.Debug|x64.ActiveCfg = Debug|Any CPU
		{09D9E25A-AA6B-4B33-A647-6F7FC1493545}.Debug|x64.Build.0 = Debug|Any CPU
		{09D9E25A-AA6B-4B33-A647-6F7FC1493545}.Debug|x86.ActiveCfg = Debug|Any CPU
		{09D9E25A-AA6B-4B33-A647-6F7FC1493545}.Debug|x86.Build.0 = Debug|Any CPU
		{09D9E25A-AA6B-4B33-A647-6F7FC1493545}.Release|Any CPU.ActiveCfg = Release|Any CPU
		{09D9E25A-AA6B-4B33-A647-6F7FC1493545}.Release|Any CPU.Build.0 = Release|Any CPU
		{09D9E25A-AA6B-4B33-A647-6F7FC1493545}.Release|x64.ActiveCfg = Release|Any CPU
		{09D9E25A-AA6B-4B33-A647-6F7FC1493545}.Release|x64.Build.0 = Release|Any CPU
		{09D9E25A-AA6B-4B33-A647-6F7FC1493545}.Release|x86.ActiveCfg = Release|Any CPU
		{09D9E25A-AA6B-4B33-A647-6F7FC1493545}.Release|x86.Build.0 = Release|Any CPU
		{979A8C70-D17E-43E0-B239-98C1E47B01EA}.Debug|Any CPU.ActiveCfg = Debug|Any CPU
		{979A8C70-D17E-43E0-B239-98C1E47B01EA}.Debug|Any CPU.Build.0 = Debug|Any CPU
		{979A8C70-D17E-43E0-B239-98C1E47B01EA}.Debug|x64.ActiveCfg = Debug|Any CPU
		{979A8C70-D17E-43E0-B239-98C1E47B01EA}.Debug|x64.Build.0 = Debug|Any CPU
		{979A8C70-D17E-43E0-B239-98C1E47B01EA}.Debug|x86.ActiveCfg = Debug|Any CPU
		{979A8C70-D17E-43E0-B239-98C1E47B01EA}.Debug|x86.Build.0 = Debug|Any CPU
		{979A8C70-D17E-43E0-B239-98C1E47B01EA}.Release|Any CPU.ActiveCfg = Release|Any CPU
		{979A8C70-D17E-43E0-B239-98C1E47B01EA}.Release|Any CPU.Build.0 = Release|Any CPU
		{979A8C70-D17E-43E0-B239-98C1E47B01EA}.Release|x64.ActiveCfg = Release|Any CPU
		{979A8C70-D17E-43E0-B239-98C1E47B01EA}.Release|x64.Build.0 = Release|Any CPU
		{979A8C70-D17E-43E0-B239-98C1E47B01EA}.Release|x86.ActiveCfg = Release|Any CPU
		{979A8C70-D17E-43E0-B239-98C1E47B01EA}.Release|x86.Build.0 = Release|Any CPU
		{89596A98-4700-43FB-97C5-D494E81EB38F}.Debug|Any CPU.ActiveCfg = Debug|Any CPU
		{89596A98-4700-43FB-97C5-D494E81EB38F}.Debug|Any CPU.Build.0 = Debug|Any CPU
		{89596A98-4700-43FB-97C5-D494E81EB38F}.Debug|x64.ActiveCfg = Debug|Any CPU
		{89596A98-4700-43FB-97C5-D494E81EB38F}.Debug|x64.Build.0 = Debug|Any CPU
		{89596A98-4700-43FB-97C5-D494E81EB38F}.Debug|x86.ActiveCfg = Debug|Any CPU
		{89596A98-4700-43FB-97C5-D494E81EB38F}.Debug|x86.Build.0 = Debug|Any CPU
		{89596A98-4700-43FB-97C5-D494E81EB38F}.Release|Any CPU.ActiveCfg = Release|Any CPU
		{89596A98-4700-43FB-97C5-D494E81EB38F}.Release|Any CPU.Build.0 = Release|Any CPU
		{89596A98-4700-43FB-97C5-D494E81EB38F}.Release|x64.ActiveCfg = Release|Any CPU
		{89596A98-4700-43FB-97C5-D494E81EB38F}.Release|x64.Build.0 = Release|Any CPU
		{89596A98-4700-43FB-97C5-D494E81EB38F}.Release|x86.ActiveCfg = Release|Any CPU
		{89596A98-4700-43FB-97C5-D494E81EB38F}.Release|x86.Build.0 = Release|Any CPU
	EndGlobalSection
	GlobalSection(SolutionProperties) = preSolution
		HideSolutionNode = FALSE
	EndGlobalSection
EndGlobal
